
Microsoft Visual Studio Solution File, Format Version 12.00
# Visual Studio Version 17
VisualStudioVersion = 17.11.35222.181
MinimumVisualStudioVersion = 10.0.40219.1
Project("{2150E333-8FDC-42A3-9474-1A3956D46DE8}") = "Services", "Services", "{E99A8829-D725-4917-AE97-FB6992CC464A}"
EndProject
Project("{2150E333-8FDC-42A3-9474-1A3956D46DE8}") = "Auth", "Auth", "{766A9AC8-0F18-4E25-8F4B-51489B6B71F4}"
EndProject
Project("{9A19103F-16F7-4668-BE54-9A1E7A4F7556}") = "CM.Auth.Domain", "Services\User\CB.Auth.Domain\CM.Auth.Domain.csproj", "{B22355E8-0796-4630-9DF0-5B0397F6BB31}"
EndProject
Project("{9A19103F-16F7-4668-BE54-9A1E7A4F7556}") = "CM.Auth.ApplicantService", "Services\User\CB.User.ApplicantService\CM.Auth.ApplicantService.csproj", "{0CACD7FA-3C61-4714-9E40-B0A987019A1C}"
EndProject
Project("{9A19103F-16F7-4668-BE54-9A1E7A4F7556}") = "CM.Auth.Infrastructure", "Services\User\CB.User.Infrastructure\CM.Auth.Infrastructure.csproj", "{D71CC3D8-A972-4563-891B-51588FB3C619}"
	ProjectSection(ProjectDependencies) = postProject
		{B22355E8-0796-4630-9DF0-5B0397F6BB31} = {B22355E8-0796-4630-9DF0-5B0397F6BB31}
	EndProjectSection
EndProject
Project("{9A19103F-16F7-4668-BE54-9A1E7A4F7556}") = "CM.Auth.Dtos", "Services\User\CB.User.Dtos\CM.Auth.Dtos.csproj", "{2B18A78B-E071-43ED-B4BE-13C5488D159B}"
EndProject
Project("{2150E333-8FDC-42A3-9474-1A3956D46DE8}") = "Shared", "Shared", "{094C0493-5074-4A7B-9221-25C514351B49}"
EndProject
Project("{9A19103F-16F7-4668-BE54-9A1E7A4F7556}") = "Share.ApplicationService", "Services\Shared\Share.ApplicationService\Share.ApplicationService.csproj", "{A87755F7-224C-4809-B1D1-B69BD3B3AFE7}"
EndProject
Project("{9A19103F-16F7-4668-BE54-9A1E7A4F7556}") = "Share.Constant", "Services\Shared\Share.Constant\Share.Constant.csproj", "{748A0BD3-2A82-4AF5-A044-BDBD51152D8A}"
EndProject
Project("{2150E333-8FDC-42A3-9474-1A3956D46DE8}") = "Solution Items", "Solution Items", "{1F34F046-8B47-4BD8-A49B-2E13638630CF}"
	ProjectSection(SolutionItems) = preProject
		.editorconfig = .editorconfig
	EndProjectSection
EndProject
Project("{9A19103F-16F7-4668-BE54-9A1E7A4F7556}") = "Common", "Services\Shared\Common\Common.csproj", "{C4109AC0-0A0F-4F2D-BE7F-BC3BC838F88C}"
EndProject
Project("{9A19103F-16F7-4668-BE54-9A1E7A4F7556}") = "CM_API", "CM_API\CM_API.csproj", "{91D46C44-0F7B-4597-AC4E-E9E87FA991A9}"
	ProjectSection(ProjectDependencies) = postProject
		{0CACD7FA-3C61-4714-9E40-B0A987019A1C} = {0CACD7FA-3C61-4714-9E40-B0A987019A1C}
		{2B18A78B-E071-43ED-B4BE-13C5488D159B} = {2B18A78B-E071-43ED-B4BE-13C5488D159B}
	EndProjectSection
EndProject
Project("{2150E333-8FDC-42A3-9474-1A3956D46DE8}") = "Movie", "Movie", "{C3060E80-19A2-401F-B5C5-FD583A176A3C}"
EndProject
Project("{2150E333-8FDC-42A3-9474-1A3956D46DE8}") = "Showtime", "Showtime", "{BA7CAD0D-AFE0-49F2-AD71-478F1C787499}"
EndProject
Project("{2150E333-8FDC-42A3-9474-1A3956D46DE8}") = "Theater", "Theater", "{547132AC-6598-4687-B607-B987B22F830A}"
EndProject
Project("{2150E333-8FDC-42A3-9474-1A3956D46DE8}") = "Room", "Room", "{DD821EB4-9667-4A84-96A1-A43A197937CB}"
EndProject
Project("{2150E333-8FDC-42A3-9474-1A3956D46DE8}") = "Ticket", "Ticket", "{5556B884-F4E6-402C-98DA-5E8E68F76FC3}"
EndProject
Project("{FAE04EC0-301F-11D3-BF4B-00C04F79EFBC}") = "CM.Movie.Domain", "Services\Movie\CM.Movie.Domain\CM.Movie.Domain.csproj", "{850EEFEE-4598-4543-B472-14C5A1A1BA8D}"
EndProject
Project("{FAE04EC0-301F-11D3-BF4B-00C04F79EFBC}") = "CM.Movie.ApplicantService", "Services\Movie\CM.Movie.ApplicantService\CM.Movie.ApplicantService.csproj", "{12BFF540-B274-4E60-B2D3-BF55BB5C6FAE}"
EndProject
Project("{FAE04EC0-301F-11D3-BF4B-00C04F79EFBC}") = "CM.Movie.Dtos", "Services\Movie\CM.Movie.Dtos\CM.Movie.Dtos.csproj", "{BF07CF01-AF12-420E-9ADB-665B76ACCB61}"
EndProject
Project("{FAE04EC0-301F-11D3-BF4B-00C04F79EFBC}") = "CM.Movie.Infrastructure", "Services\Movie\CM.Movie.Infrastructure\CM.Movie.Infrastructure.csproj", "{AD37CBC8-7A5E-44D3-88F3-5F7FA76E15C0}"
EndProject
Project("{FAE04EC0-301F-11D3-BF4B-00C04F79EFBC}") = "CM.Showtime.ApplicantService", "Services\Showtime\CM.Showtime.ApplicantService\CM.Showtime.ApplicantService.csproj", "{36326F0A-E7F6-42D2-8F09-7702C8EEE74E}"
EndProject
Project("{FAE04EC0-301F-11D3-BF4B-00C04F79EFBC}") = "CM.Showtime.Domain", "Services\Showtime\CM.Showtime.Domain\CM.Showtime.Domain.csproj", "{E6023078-57B7-4154-BA36-E28428B228AF}"
EndProject
Project("{FAE04EC0-301F-11D3-BF4B-00C04F79EFBC}") = "CM.Showtime.Dtos", "Services\Showtime\CM.Showtime.Dtos\CM.Showtime.Dtos.csproj", "{D233280E-DFB9-4218-B902-09CDC28FE470}"
EndProject
Project("{FAE04EC0-301F-11D3-BF4B-00C04F79EFBC}") = "CM.Showtime.Infrastructure", "Services\Showtime\CM.Showtime.Infrastructure\CM.Showtime.Infrastructure.csproj", "{3D0FFE9F-C6EB-4549-9719-63FFCDC76AF8}"
EndProject
Global
	GlobalSection(SolutionConfigurationPlatforms) = preSolution
		Debug|Any CPU = Debug|Any CPU
		Release|Any CPU = Release|Any CPU
	EndGlobalSection
	GlobalSection(ProjectConfigurationPlatforms) = postSolution
		{B22355E8-0796-4630-9DF0-5B0397F6BB31}.Debug|Any CPU.ActiveCfg = Debug|Any CPU
		{B22355E8-0796-4630-9DF0-5B0397F6BB31}.Debug|Any CPU.Build.0 = Debug|Any CPU
		{B22355E8-0796-4630-9DF0-5B0397F6BB31}.Release|Any CPU.ActiveCfg = Release|Any CPU
		{B22355E8-0796-4630-9DF0-5B0397F6BB31}.Release|Any CPU.Build.0 = Release|Any CPU
		{0CACD7FA-3C61-4714-9E40-B0A987019A1C}.Debug|Any CPU.ActiveCfg = Debug|Any CPU
		{0CACD7FA-3C61-4714-9E40-B0A987019A1C}.Debug|Any CPU.Build.0 = Debug|Any CPU
		{0CACD7FA-3C61-4714-9E40-B0A987019A1C}.Release|Any CPU.ActiveCfg = Release|Any CPU
		{0CACD7FA-3C61-4714-9E40-B0A987019A1C}.Release|Any CPU.Build.0 = Release|Any CPU
		{D71CC3D8-A972-4563-891B-51588FB3C619}.Debug|Any CPU.ActiveCfg = Debug|Any CPU
		{D71CC3D8-A972-4563-891B-51588FB3C619}.Debug|Any CPU.Build.0 = Debug|Any CPU
		{D71CC3D8-A972-4563-891B-51588FB3C619}.Release|Any CPU.ActiveCfg = Release|Any CPU
		{D71CC3D8-A972-4563-891B-51588FB3C619}.Release|Any CPU.Build.0 = Release|Any CPU
		{2B18A78B-E071-43ED-B4BE-13C5488D159B}.Debug|Any CPU.ActiveCfg = Debug|Any CPU
		{2B18A78B-E071-43ED-B4BE-13C5488D159B}.Debug|Any CPU.Build.0 = Debug|Any CPU
		{2B18A78B-E071-43ED-B4BE-13C5488D159B}.Release|Any CPU.ActiveCfg = Release|Any CPU
		{2B18A78B-E071-43ED-B4BE-13C5488D159B}.Release|Any CPU.Build.0 = Release|Any CPU
		{A87755F7-224C-4809-B1D1-B69BD3B3AFE7}.Debug|Any CPU.ActiveCfg = Debug|Any CPU
		{A87755F7-224C-4809-B1D1-B69BD3B3AFE7}.Debug|Any CPU.Build.0 = Debug|Any CPU
		{A87755F7-224C-4809-B1D1-B69BD3B3AFE7}.Release|Any CPU.ActiveCfg = Release|Any CPU
		{A87755F7-224C-4809-B1D1-B69BD3B3AFE7}.Release|Any CPU.Build.0 = Release|Any CPU
		{748A0BD3-2A82-4AF5-A044-BDBD51152D8A}.Debug|Any CPU.ActiveCfg = Debug|Any CPU
		{748A0BD3-2A82-4AF5-A044-BDBD51152D8A}.Debug|Any CPU.Build.0 = Debug|Any CPU
		{748A0BD3-2A82-4AF5-A044-BDBD51152D8A}.Release|Any CPU.ActiveCfg = Release|Any CPU
		{748A0BD3-2A82-4AF5-A044-BDBD51152D8A}.Release|Any CPU.Build.0 = Release|Any CPU
		{C4109AC0-0A0F-4F2D-BE7F-BC3BC838F88C}.Debug|Any CPU.ActiveCfg = Debug|Any CPU
		{C4109AC0-0A0F-4F2D-BE7F-BC3BC838F88C}.Debug|Any CPU.Build.0 = Debug|Any CPU
		{C4109AC0-0A0F-4F2D-BE7F-BC3BC838F88C}.Release|Any CPU.ActiveCfg = Release|Any CPU
		{C4109AC0-0A0F-4F2D-BE7F-BC3BC838F88C}.Release|Any CPU.Build.0 = Release|Any CPU
		{91D46C44-0F7B-4597-AC4E-E9E87FA991A9}.Debug|Any CPU.ActiveCfg = Debug|Any CPU
		{91D46C44-0F7B-4597-AC4E-E9E87FA991A9}.Debug|Any CPU.Build.0 = Debug|Any CPU
		{91D46C44-0F7B-4597-AC4E-E9E87FA991A9}.Release|Any CPU.ActiveCfg = Release|Any CPU
		{91D46C44-0F7B-4597-AC4E-E9E87FA991A9}.Release|Any CPU.Build.0 = Release|Any CPU
		{850EEFEE-4598-4543-B472-14C5A1A1BA8D}.Debug|Any CPU.ActiveCfg = Debug|Any CPU
		{850EEFEE-4598-4543-B472-14C5A1A1BA8D}.Debug|Any CPU.Build.0 = Debug|Any CPU
		{850EEFEE-4598-4543-B472-14C5A1A1BA8D}.Release|Any CPU.ActiveCfg = Release|Any CPU
		{850EEFEE-4598-4543-B472-14C5A1A1BA8D}.Release|Any CPU.Build.0 = Release|Any CPU
		{12BFF540-B274-4E60-B2D3-BF55BB5C6FAE}.Debug|Any CPU.ActiveCfg = Debug|Any CPU
		{12BFF540-B274-4E60-B2D3-BF55BB5C6FAE}.Debug|Any CPU.Build.0 = Debug|Any CPU
		{12BFF540-B274-4E60-B2D3-BF55BB5C6FAE}.Release|Any CPU.ActiveCfg = Release|Any CPU
		{12BFF540-B274-4E60-B2D3-BF55BB5C6FAE}.Release|Any CPU.Build.0 = Release|Any CPU
		{BF07CF01-AF12-420E-9ADB-665B76ACCB61}.Debug|Any CPU.ActiveCfg = Debug|Any CPU
		{BF07CF01-AF12-420E-9ADB-665B76ACCB61}.Debug|Any CPU.Build.0 = Debug|Any CPU
		{BF07CF01-AF12-420E-9ADB-665B76ACCB61}.Release|Any CPU.ActiveCfg = Release|Any CPU
		{BF07CF01-AF12-420E-9ADB-665B76ACCB61}.Release|Any CPU.Build.0 = Release|Any CPU
		{AD37CBC8-7A5E-44D3-88F3-5F7FA76E15C0}.Debug|Any CPU.ActiveCfg = Debug|Any CPU
		{AD37CBC8-7A5E-44D3-88F3-5F7FA76E15C0}.Debug|Any CPU.Build.0 = Debug|Any CPU
		{AD37CBC8-7A5E-44D3-88F3-5F7FA76E15C0}.Release|Any CPU.ActiveCfg = Release|Any CPU
		{AD37CBC8-7A5E-44D3-88F3-5F7FA76E15C0}.Release|Any CPU.Build.0 = Release|Any CPU
		{36326F0A-E7F6-42D2-8F09-7702C8EEE74E}.Debug|Any CPU.ActiveCfg = Debug|Any CPU
		{36326F0A-E7F6-42D2-8F09-7702C8EEE74E}.Debug|Any CPU.Build.0 = Debug|Any CPU
		{36326F0A-E7F6-42D2-8F09-7702C8EEE74E}.Release|Any CPU.ActiveCfg = Release|Any CPU
		{36326F0A-E7F6-42D2-8F09-7702C8EEE74E}.Release|Any CPU.Build.0 = Release|Any CPU
		{E6023078-57B7-4154-BA36-E28428B228AF}.Debug|Any CPU.ActiveCfg = Debug|Any CPU
		{E6023078-57B7-4154-BA36-E28428B228AF}.Debug|Any CPU.Build.0 = Debug|Any CPU
		{E6023078-57B7-4154-BA36-E28428B228AF}.Release|Any CPU.ActiveCfg = Release|Any CPU
		{E6023078-57B7-4154-BA36-E28428B228AF}.Release|Any CPU.Build.0 = Release|Any CPU
		{D233280E-DFB9-4218-B902-09CDC28FE470}.Debug|Any CPU.ActiveCfg = Debug|Any CPU
		{D233280E-DFB9-4218-B902-09CDC28FE470}.Debug|Any CPU.Build.0 = Debug|Any CPU
		{D233280E-DFB9-4218-B902-09CDC28FE470}.Release|Any CPU.ActiveCfg = Release|Any CPU
		{D233280E-DFB9-4218-B902-09CDC28FE470}.Release|Any CPU.Build.0 = Release|Any CPU
		{3D0FFE9F-C6EB-4549-9719-63FFCDC76AF8}.Debug|Any CPU.ActiveCfg = Debug|Any CPU
		{3D0FFE9F-C6EB-4549-9719-63FFCDC76AF8}.Debug|Any CPU.Build.0 = Debug|Any CPU
		{3D0FFE9F-C6EB-4549-9719-63FFCDC76AF8}.Release|Any CPU.ActiveCfg = Release|Any CPU
		{3D0FFE9F-C6EB-4549-9719-63FFCDC76AF8}.Release|Any CPU.Build.0 = Release|Any CPU
	EndGlobalSection
	GlobalSection(SolutionProperties) = preSolution
		HideSolutionNode = FALSE
	EndGlobalSection
	GlobalSection(NestedProjects) = preSolution
		{766A9AC8-0F18-4E25-8F4B-51489B6B71F4} = {E99A8829-D725-4917-AE97-FB6992CC464A}
		{B22355E8-0796-4630-9DF0-5B0397F6BB31} = {766A9AC8-0F18-4E25-8F4B-51489B6B71F4}
		{0CACD7FA-3C61-4714-9E40-B0A987019A1C} = {766A9AC8-0F18-4E25-8F4B-51489B6B71F4}
		{D71CC3D8-A972-4563-891B-51588FB3C619} = {766A9AC8-0F18-4E25-8F4B-51489B6B71F4}
		{2B18A78B-E071-43ED-B4BE-13C5488D159B} = {766A9AC8-0F18-4E25-8F4B-51489B6B71F4}
		{094C0493-5074-4A7B-9221-25C514351B49} = {E99A8829-D725-4917-AE97-FB6992CC464A}
		{A87755F7-224C-4809-B1D1-B69BD3B3AFE7} = {094C0493-5074-4A7B-9221-25C514351B49}
		{748A0BD3-2A82-4AF5-A044-BDBD51152D8A} = {094C0493-5074-4A7B-9221-25C514351B49}
		{C4109AC0-0A0F-4F2D-BE7F-BC3BC838F88C} = {094C0493-5074-4A7B-9221-25C514351B49}
		{C3060E80-19A2-401F-B5C5-FD583A176A3C} = {E99A8829-D725-4917-AE97-FB6992CC464A}
		{BA7CAD0D-AFE0-49F2-AD71-478F1C787499} = {E99A8829-D725-4917-AE97-FB6992CC464A}
		{547132AC-6598-4687-B607-B987B22F830A} = {E99A8829-D725-4917-AE97-FB6992CC464A}
		{DD821EB4-9667-4A84-96A1-A43A197937CB} = {E99A8829-D725-4917-AE97-FB6992CC464A}
		{5556B884-F4E6-402C-98DA-5E8E68F76FC3} = {E99A8829-D725-4917-AE97-FB6992CC464A}
		{850EEFEE-4598-4543-B472-14C5A1A1BA8D} = {C3060E80-19A2-401F-B5C5-FD583A176A3C}
		{12BFF540-B274-4E60-B2D3-BF55BB5C6FAE} = {C3060E80-19A2-401F-B5C5-FD583A176A3C}
		{BF07CF01-AF12-420E-9ADB-665B76ACCB61} = {C3060E80-19A2-401F-B5C5-FD583A176A3C}
		{AD37CBC8-7A5E-44D3-88F3-5F7FA76E15C0} = {C3060E80-19A2-401F-B5C5-FD583A176A3C}
		{36326F0A-E7F6-42D2-8F09-7702C8EEE74E} = {BA7CAD0D-AFE0-49F2-AD71-478F1C787499}
		{E6023078-57B7-4154-BA36-E28428B228AF} = {BA7CAD0D-AFE0-49F2-AD71-478F1C787499}
		{D233280E-DFB9-4218-B902-09CDC28FE470} = {BA7CAD0D-AFE0-49F2-AD71-478F1C787499}
		{3D0FFE9F-C6EB-4549-9719-63FFCDC76AF8} = {BA7CAD0D-AFE0-49F2-AD71-478F1C787499}
	EndGlobalSection
	GlobalSection(ExtensibilityGlobals) = postSolution
		SolutionGuid = {8F08B5D6-C887-4BD5-A908-836911D5BDDF}
	EndGlobalSection
EndGlobal
