
Microsoft Visual Studio Solution File, Format Version 12.00
# Visual Studio Version 17
VisualStudioVersion = 17.11.35222.181
MinimumVisualStudioVersion = 10.0.40219.1
Project("{9A19103F-16F7-4668-BE54-9A1E7A4F7556}") = "Coffee_Book_Api", "Coffee_Book_Api\Coffee_Book_Api.csproj", "{A965A002-0BCB-424E-BFC3-BEB2FD9A4249}"
EndProject
Project("{2150E333-8FDC-42A3-9474-1A3956D46DE8}") = "Services", "Services", "{E99A8829-D725-4917-AE97-FB6992CC464A}"
EndProject
Project("{2150E333-8FDC-42A3-9474-1A3956D46DE8}") = "Product", "Product", "{20BAE990-3D8D-46C3-AEAE-1B508B256C61}"
EndProject
Project("{2150E333-8FDC-42A3-9474-1A3956D46DE8}") = "User", "User", "{766A9AC8-0F18-4E25-8F4B-51489B6B71F4}"
EndProject
Project("{2150E333-8FDC-42A3-9474-1A3956D46DE8}") = "Book", "Book", "{1F6C1FA4-3905-4FCD-90FB-726DDE6403F6}"
EndProject
Project("{2150E333-8FDC-42A3-9474-1A3956D46DE8}") = "Category", "Category", "{3AC88CCC-B9F4-422E-9989-C803706FC58B}"
EndProject
Project("{2150E333-8FDC-42A3-9474-1A3956D46DE8}") = "Shared", "Shared", "{75EBEF00-4AA5-4A1A-BAF2-0B67F7DF09D9}"
EndProject
Project("{9A19103F-16F7-4668-BE54-9A1E7A4F7556}") = "CB.User.Domain", "Services\User\CB.Auth.Domain\CB.User.Domain.csproj", "{B22355E8-0796-4630-9DF0-5B0397F6BB31}"
EndProject
Project("{9A19103F-16F7-4668-BE54-9A1E7A4F7556}") = "CB.User.ApplicantService", "Services\User\CB.User.ApplicantService\CB.User.ApplicantService.csproj", "{0CACD7FA-3C61-4714-9E40-B0A987019A1C}"
EndProject
Project("{9A19103F-16F7-4668-BE54-9A1E7A4F7556}") = "CB.User.Infrastructure", "Services\User\CB.User.Infrastructure\CB.User.Infrastructure.csproj", "{D71CC3D8-A972-4563-891B-51588FB3C619}"
	ProjectSection(ProjectDependencies) = postProject
		{B22355E8-0796-4630-9DF0-5B0397F6BB31} = {B22355E8-0796-4630-9DF0-5B0397F6BB31}
	EndProjectSection
EndProject
Project("{9A19103F-16F7-4668-BE54-9A1E7A4F7556}") = "CB.User.Dtos", "Services\User\CB.User.Dtos\CB.User.Dtos.csproj", "{2B18A78B-E071-43ED-B4BE-13C5488D159B}"
EndProject
Project("{9A19103F-16F7-4668-BE54-9A1E7A4F7556}") = "CB.Product.Domain", "Services\Product\CB.Product.Domain\CB.Product.Domain.csproj", "{01B54D33-816F-4BEE-B83F-2DCE971DF6D7}"
EndProject
Project("{9A19103F-16F7-4668-BE54-9A1E7A4F7556}") = "CB.Product.Infrastructure", "Services\Product\CB.Product.Infrastructure\CB.Product.Infrastructure.csproj", "{7C666F4D-CC89-4E62-9805-B212A87DE422}"
EndProject
Project("{9A19103F-16F7-4668-BE54-9A1E7A4F7556}") = "CB.Product.ApplicationService", "Services\Product\CB.Product.ApplicationService\CB.Product.ApplicationService.csproj", "{B4C96039-E549-4A9F-BF79-A6493B54E979}"
EndProject
Project("{9A19103F-16F7-4668-BE54-9A1E7A4F7556}") = "CB.Product.Dtos", "Services\Product\CB.Product.Dtos\CB.Product.Dtos.csproj", "{E02D8FEB-DB5E-4782-92D4-E8DC9515E81B}"
EndProject
Project("{9A19103F-16F7-4668-BE54-9A1E7A4F7556}") = "CB.Book.Dtos", "Services\Book\CB.Book.Dtos\CB.Book.Dtos.csproj", "{DD19B947-D901-439B-BF20-C666EA80C3AE}"
EndProject
Project("{9A19103F-16F7-4668-BE54-9A1E7A4F7556}") = "CB.Book.ApplicantService", "Services\Book\CB.Book.ApplicantService\CB.Book.ApplicantService.csproj", "{8DE86D20-7D6A-4808-A476-B8F2D9FB00D2}"
EndProject
Project("{9A19103F-16F7-4668-BE54-9A1E7A4F7556}") = "CB.Book.Domain", "Services\Book\CB.Book.Domain\CB.Book.Domain.csproj", "{4960E46F-AA2D-4B44-8AE2-57F6F4E0DEE4}"
EndProject
Project("{9A19103F-16F7-4668-BE54-9A1E7A4F7556}") = "CB.Book.Infrastructure", "Services\Book\CB.Book.Infrastructure\CB.Book.Infrastructure.csproj", "{E3CB206C-601C-44E0-A4E0-48F40E9668DE}"
EndProject
Global
	GlobalSection(SolutionConfigurationPlatforms) = preSolution
		Debug|Any CPU = Debug|Any CPU
		Release|Any CPU = Release|Any CPU
	EndGlobalSection
	GlobalSection(ProjectConfigurationPlatforms) = postSolution
		{A965A002-0BCB-424E-BFC3-BEB2FD9A4249}.Debug|Any CPU.ActiveCfg = Debug|Any CPU
		{A965A002-0BCB-424E-BFC3-BEB2FD9A4249}.Debug|Any CPU.Build.0 = Debug|Any CPU
		{A965A002-0BCB-424E-BFC3-BEB2FD9A4249}.Release|Any CPU.ActiveCfg = Release|Any CPU
		{A965A002-0BCB-424E-BFC3-BEB2FD9A4249}.Release|Any CPU.Build.0 = Release|Any CPU
		{B22355E8-0796-4630-9DF0-5B0397F6BB31}.Debug|Any CPU.ActiveCfg = Debug|Any CPU
		{B22355E8-0796-4630-9DF0-5B0397F6BB31}.Debug|Any CPU.Build.0 = Debug|Any CPU
		{B22355E8-0796-4630-9DF0-5B0397F6BB31}.Release|Any CPU.ActiveCfg = Release|Any CPU
		{B22355E8-0796-4630-9DF0-5B0397F6BB31}.Release|Any CPU.Build.0 = Release|Any CPU
		{0CACD7FA-3C61-4714-9E40-B0A987019A1C}.Debug|Any CPU.ActiveCfg = Debug|Any CPU
		{0CACD7FA-3C61-4714-9E40-B0A987019A1C}.Debug|Any CPU.Build.0 = Debug|Any CPU
		{0CACD7FA-3C61-4714-9E40-B0A987019A1C}.Release|Any CPU.ActiveCfg = Release|Any CPU
		{0CACD7FA-3C61-4714-9E40-B0A987019A1C}.Release|Any CPU.Build.0 = Release|Any CPU
		{D71CC3D8-A972-4563-891B-51588FB3C619}.Debug|Any CPU.ActiveCfg = Debug|Any CPU
		{D71CC3D8-A972-4563-891B-51588FB3C619}.Debug|Any CPU.Build.0 = Debug|Any CPU
		{D71CC3D8-A972-4563-891B-51588FB3C619}.Release|Any CPU.ActiveCfg = Release|Any CPU
		{D71CC3D8-A972-4563-891B-51588FB3C619}.Release|Any CPU.Build.0 = Release|Any CPU
		{2B18A78B-E071-43ED-B4BE-13C5488D159B}.Debug|Any CPU.ActiveCfg = Debug|Any CPU
		{2B18A78B-E071-43ED-B4BE-13C5488D159B}.Debug|Any CPU.Build.0 = Debug|Any CPU
		{2B18A78B-E071-43ED-B4BE-13C5488D159B}.Release|Any CPU.ActiveCfg = Release|Any CPU
		{2B18A78B-E071-43ED-B4BE-13C5488D159B}.Release|Any CPU.Build.0 = Release|Any CPU
		{01B54D33-816F-4BEE-B83F-2DCE971DF6D7}.Debug|Any CPU.ActiveCfg = Debug|Any CPU
		{01B54D33-816F-4BEE-B83F-2DCE971DF6D7}.Debug|Any CPU.Build.0 = Debug|Any CPU
		{01B54D33-816F-4BEE-B83F-2DCE971DF6D7}.Release|Any CPU.ActiveCfg = Release|Any CPU
		{01B54D33-816F-4BEE-B83F-2DCE971DF6D7}.Release|Any CPU.Build.0 = Release|Any CPU
		{7C666F4D-CC89-4E62-9805-B212A87DE422}.Debug|Any CPU.ActiveCfg = Debug|Any CPU
		{7C666F4D-CC89-4E62-9805-B212A87DE422}.Debug|Any CPU.Build.0 = Debug|Any CPU
		{7C666F4D-CC89-4E62-9805-B212A87DE422}.Release|Any CPU.ActiveCfg = Release|Any CPU
		{7C666F4D-CC89-4E62-9805-B212A87DE422}.Release|Any CPU.Build.0 = Release|Any CPU
		{B4C96039-E549-4A9F-BF79-A6493B54E979}.Debug|Any CPU.ActiveCfg = Debug|Any CPU
		{B4C96039-E549-4A9F-BF79-A6493B54E979}.Debug|Any CPU.Build.0 = Debug|Any CPU
		{B4C96039-E549-4A9F-BF79-A6493B54E979}.Release|Any CPU.ActiveCfg = Release|Any CPU
		{B4C96039-E549-4A9F-BF79-A6493B54E979}.Release|Any CPU.Build.0 = Release|Any CPU
		{E02D8FEB-DB5E-4782-92D4-E8DC9515E81B}.Debug|Any CPU.ActiveCfg = Debug|Any CPU
		{E02D8FEB-DB5E-4782-92D4-E8DC9515E81B}.Debug|Any CPU.Build.0 = Debug|Any CPU
		{E02D8FEB-DB5E-4782-92D4-E8DC9515E81B}.Release|Any CPU.ActiveCfg = Release|Any CPU
		{E02D8FEB-DB5E-4782-92D4-E8DC9515E81B}.Release|Any CPU.Build.0 = Release|Any CPU
		{DD19B947-D901-439B-BF20-C666EA80C3AE}.Debug|Any CPU.ActiveCfg = Debug|Any CPU
		{DD19B947-D901-439B-BF20-C666EA80C3AE}.Debug|Any CPU.Build.0 = Debug|Any CPU
		{DD19B947-D901-439B-BF20-C666EA80C3AE}.Release|Any CPU.ActiveCfg = Release|Any CPU
		{DD19B947-D901-439B-BF20-C666EA80C3AE}.Release|Any CPU.Build.0 = Release|Any CPU
		{8DE86D20-7D6A-4808-A476-B8F2D9FB00D2}.Debug|Any CPU.ActiveCfg = Debug|Any CPU
		{8DE86D20-7D6A-4808-A476-B8F2D9FB00D2}.Debug|Any CPU.Build.0 = Debug|Any CPU
		{8DE86D20-7D6A-4808-A476-B8F2D9FB00D2}.Release|Any CPU.ActiveCfg = Release|Any CPU
		{8DE86D20-7D6A-4808-A476-B8F2D9FB00D2}.Release|Any CPU.Build.0 = Release|Any CPU
		{4960E46F-AA2D-4B44-8AE2-57F6F4E0DEE4}.Debug|Any CPU.ActiveCfg = Debug|Any CPU
		{4960E46F-AA2D-4B44-8AE2-57F6F4E0DEE4}.Debug|Any CPU.Build.0 = Debug|Any CPU
		{4960E46F-AA2D-4B44-8AE2-57F6F4E0DEE4}.Release|Any CPU.ActiveCfg = Release|Any CPU
		{4960E46F-AA2D-4B44-8AE2-57F6F4E0DEE4}.Release|Any CPU.Build.0 = Release|Any CPU
		{E3CB206C-601C-44E0-A4E0-48F40E9668DE}.Debug|Any CPU.ActiveCfg = Debug|Any CPU
		{E3CB206C-601C-44E0-A4E0-48F40E9668DE}.Debug|Any CPU.Build.0 = Debug|Any CPU
		{E3CB206C-601C-44E0-A4E0-48F40E9668DE}.Release|Any CPU.ActiveCfg = Release|Any CPU
		{E3CB206C-601C-44E0-A4E0-48F40E9668DE}.Release|Any CPU.Build.0 = Release|Any CPU
	EndGlobalSection
	GlobalSection(SolutionProperties) = preSolution
		HideSolutionNode = FALSE
	EndGlobalSection
	GlobalSection(NestedProjects) = preSolution
		{20BAE990-3D8D-46C3-AEAE-1B508B256C61} = {E99A8829-D725-4917-AE97-FB6992CC464A}
		{766A9AC8-0F18-4E25-8F4B-51489B6B71F4} = {E99A8829-D725-4917-AE97-FB6992CC464A}
		{1F6C1FA4-3905-4FCD-90FB-726DDE6403F6} = {E99A8829-D725-4917-AE97-FB6992CC464A}
		{3AC88CCC-B9F4-422E-9989-C803706FC58B} = {E99A8829-D725-4917-AE97-FB6992CC464A}
		{75EBEF00-4AA5-4A1A-BAF2-0B67F7DF09D9} = {E99A8829-D725-4917-AE97-FB6992CC464A}
		{B22355E8-0796-4630-9DF0-5B0397F6BB31} = {766A9AC8-0F18-4E25-8F4B-51489B6B71F4}
		{0CACD7FA-3C61-4714-9E40-B0A987019A1C} = {766A9AC8-0F18-4E25-8F4B-51489B6B71F4}
		{D71CC3D8-A972-4563-891B-51588FB3C619} = {766A9AC8-0F18-4E25-8F4B-51489B6B71F4}
		{2B18A78B-E071-43ED-B4BE-13C5488D159B} = {766A9AC8-0F18-4E25-8F4B-51489B6B71F4}
		{01B54D33-816F-4BEE-B83F-2DCE971DF6D7} = {20BAE990-3D8D-46C3-AEAE-1B508B256C61}
		{7C666F4D-CC89-4E62-9805-B212A87DE422} = {20BAE990-3D8D-46C3-AEAE-1B508B256C61}
		{B4C96039-E549-4A9F-BF79-A6493B54E979} = {20BAE990-3D8D-46C3-AEAE-1B508B256C61}
		{E02D8FEB-DB5E-4782-92D4-E8DC9515E81B} = {20BAE990-3D8D-46C3-AEAE-1B508B256C61}
		{DD19B947-D901-439B-BF20-C666EA80C3AE} = {1F6C1FA4-3905-4FCD-90FB-726DDE6403F6}
		{8DE86D20-7D6A-4808-A476-B8F2D9FB00D2} = {1F6C1FA4-3905-4FCD-90FB-726DDE6403F6}
		{4960E46F-AA2D-4B44-8AE2-57F6F4E0DEE4} = {1F6C1FA4-3905-4FCD-90FB-726DDE6403F6}
		{E3CB206C-601C-44E0-A4E0-48F40E9668DE} = {1F6C1FA4-3905-4FCD-90FB-726DDE6403F6}
	EndGlobalSection
	GlobalSection(ExtensibilityGlobals) = postSolution
		SolutionGuid = {8F08B5D6-C887-4BD5-A908-836911D5BDDF}
	EndGlobalSection
EndGlobal
